
Microsoft Visual Studio Solution File, Format Version 12.00
# Visual Studio Version 17
VisualStudioVersion = 17.11.35303.130
MinimumVisualStudioVersion = 10.0.40219.1
Project("{FAE04EC0-301F-11D3-BF4B-00C04F79EFBC}") = "TectCurrencyRates", "TectCurrencyRates\TectCurrencyRates.csproj", "{4F329811-023E-41EB-98BF-B55EDF473B0B}"
EndProject
Project("{FAE04EC0-301F-11D3-BF4B-00C04F79EFBC}") = "Business", "Business\Business.csproj", "{DC258EA0-906D-40EE-A88E-D02D632323B4}"
EndProject
Project("{FAE04EC0-301F-11D3-BF4B-00C04F79EFBC}") = "DataAccess", "DataAccess\DataAccess.csproj", "{F5EC372F-3EA6-4F20-B848-CDF8AF8B1A02}"
EndProject
Project("{FAE04EC0-301F-11D3-BF4B-00C04F79EFBC}") = "Shared", "Shared\Shared.csproj", "{421C35DC-6BCE-42C1-A0A3-DEE7CDCB00F9}"
EndProject
Project("{FAE04EC0-301F-11D3-BF4B-00C04F79EFBC}") = "Infrastructure", "Infrastructure\Infrastructure.csproj", "{98D9ACA2-3C18-487F-9ABC-13C1D10A4285}"
EndProject
Global
	GlobalSection(SolutionConfigurationPlatforms) = preSolution
		Debug|Any CPU = Debug|Any CPU
		Release|Any CPU = Release|Any CPU
	EndGlobalSection
	GlobalSection(ProjectConfigurationPlatforms) = postSolution
		{4F329811-023E-41EB-98BF-B55EDF473B0B}.Debug|Any CPU.ActiveCfg = Debug|Any CPU
		{4F329811-023E-41EB-98BF-B55EDF473B0B}.Debug|Any CPU.Build.0 = Debug|Any CPU
		{4F329811-023E-41EB-98BF-B55EDF473B0B}.Release|Any CPU.ActiveCfg = Release|Any CPU
		{4F329811-023E-41EB-98BF-B55EDF473B0B}.Release|Any CPU.Build.0 = Release|Any CPU
		{DC258EA0-906D-40EE-A88E-D02D632323B4}.Debug|Any CPU.ActiveCfg = Debug|Any CPU
		{DC258EA0-906D-40EE-A88E-D02D632323B4}.Debug|Any CPU.Build.0 = Debug|Any CPU
		{DC258EA0-906D-40EE-A88E-D02D632323B4}.Release|Any CPU.ActiveCfg = Release|Any CPU
		{DC258EA0-906D-40EE-A88E-D02D632323B4}.Release|Any CPU.Build.0 = Release|Any CPU
		{F5EC372F-3EA6-4F20-B848-CDF8AF8B1A02}.Debug|Any CPU.ActiveCfg = Debug|Any CPU
		{F5EC372F-3EA6-4F20-B848-CDF8AF8B1A02}.Debug|Any CPU.Build.0 = Debug|Any CPU
		{F5EC372F-3EA6-4F20-B848-CDF8AF8B1A02}.Release|Any CPU.ActiveCfg = Release|Any CPU
		{F5EC372F-3EA6-4F20-B848-CDF8AF8B1A02}.Release|Any CPU.Build.0 = Release|Any CPU
		{421C35DC-6BCE-42C1-A0A3-DEE7CDCB00F9}.Debug|Any CPU.ActiveCfg = Debug|Any CPU
		{421C35DC-6BCE-42C1-A0A3-DEE7CDCB00F9}.Debug|Any CPU.Build.0 = Debug|Any CPU
		{421C35DC-6BCE-42C1-A0A3-DEE7CDCB00F9}.Release|Any CPU.ActiveCfg = Release|Any CPU
		{421C35DC-6BCE-42C1-A0A3-DEE7CDCB00F9}.Release|Any CPU.Build.0 = Release|Any CPU
		{98D9ACA2-3C18-487F-9ABC-13C1D10A4285}.Debug|Any CPU.ActiveCfg = Debug|Any CPU
		{98D9ACA2-3C18-487F-9ABC-13C1D10A4285}.Debug|Any CPU.Build.0 = Debug|Any CPU
		{98D9ACA2-3C18-487F-9ABC-13C1D10A4285}.Release|Any CPU.ActiveCfg = Release|Any CPU
		{98D9ACA2-3C18-487F-9ABC-13C1D10A4285}.Release|Any CPU.Build.0 = Release|Any CPU
	EndGlobalSection
	GlobalSection(SolutionProperties) = preSolution
		HideSolutionNode = FALSE
	EndGlobalSection
	GlobalSection(ExtensibilityGlobals) = postSolution
		SolutionGuid = {D7EC3F40-8274-444B-9F99-BB8D20E05E72}
	EndGlobalSection
EndGlobal
